// !$*UTF8*$!
{
	archiveVersion = 1;
	classes = {
	};
	objectVersion = 50;
	objects = {

/* Begin PBXBuildFile section */
		27904047E554FCEF09877F8E /* PaymentViewController.swift in Sources */ = {isa = PBXBuildFile; fileRef = 27904BD1CE52245B8A09F547 /* PaymentViewController.swift */; };
		2790405DF6411A0FA2F63C72 /* InteractorManager.swift in Sources */ = {isa = PBXBuildFile; fileRef = 2790485A222E21F759D4499B /* InteractorManager.swift */; };
		27904177D3C40ECDD7085B66 /* Extensions.swift in Sources */ = {isa = PBXBuildFile; fileRef = 279049B0F6799A37870D0737 /* Extensions.swift */; };
		279044476D5194B5C5DCAE3E /* AppConfiguration.swift in Sources */ = {isa = PBXBuildFile; fileRef = 27904AF37DE316834D7BD38E /* AppConfiguration.swift */; };
		2790452BEF7D5A30F1FCBDCC /* BaseController.swift in Sources */ = {isa = PBXBuildFile; fileRef = 27904813668BBE0DD4A4B4A1 /* BaseController.swift */; };
		279045673B7970DC720D9871 /* PaymentAccessAnnotationView.swift in Sources */ = {isa = PBXBuildFile; fileRef = 279041257AAFD61FA7DDB100 /* PaymentAccessAnnotationView.swift */; };
		279045EA48DA55E74EA08272 /* ImageStorageError.swift in Sources */ = {isa = PBXBuildFile; fileRef = 2790464BB6CCA8BADE8AF277 /* ImageStorageError.swift */; };
		27904607E46D0D7D0B97F29E /* PaymentMapDelegate.swift in Sources */ = {isa = PBXBuildFile; fileRef = 2790467A7FA51EEB5E947815 /* PaymentMapDelegate.swift */; };
		279046A18A9356E21716B603 /* ImageInteractor.swift in Sources */ = {isa = PBXBuildFile; fileRef = 279049CC44BD9E8EC704E0B5 /* ImageInteractor.swift */; };
		27904791A66D551943B51D49 /* tinkoff-bank-general-logo-1.jpg in Resources */ = {isa = PBXBuildFile; fileRef = 279045F5BF1746B369E74C16 /* tinkoff-bank-general-logo-1.jpg */; };
		279048A3846BE5A9A8525BE6 /* LocationInteractor.swift in Sources */ = {isa = PBXBuildFile; fileRef = 2790447DDA2B548C159292AC /* LocationInteractor.swift */; };
		279048A90D6E67068395BCC2 /* LaunchScreen.storyboard in Resources */ = {isa = PBXBuildFile; fileRef = 27904FE6CCF4EF8CE2108594 /* LaunchScreen.storyboard */; };
		27904A366855184A7A723DF8 /* AppDelegate.swift in Sources */ = {isa = PBXBuildFile; fileRef = 279047DEC8ED33EA722BD021 /* AppDelegate.swift */; };
		27904BD496B9E4BCEC51D324 /* PartnerIconResponse.swift in Sources */ = {isa = PBXBuildFile; fileRef = 279046C9CA904323048D0BA3 /* PartnerIconResponse.swift */; };
		27904C0F80CC3EDB053D4705 /* PartnersInteractor.swift in Sources */ = {isa = PBXBuildFile; fileRef = 27904EE27AB71687E8B9CB76 /* PartnersInteractor.swift */; };
		27904EA0C760E40CE62FE525 /* Assets.xcassets in Resources */ = {isa = PBXBuildFile; fileRef = 27904A40A7D86E43853380FE /* Assets.xcassets */; };
		AB028A8020E3A8AE00C5E99A /* PartnerEntity+CoreDataClass.swift in Sources */ = {isa = PBXBuildFile; fileRef = AB028A7C20E3A8AE00C5E99A /* PartnerEntity+CoreDataClass.swift */; };
		AB028A8120E3A8AE00C5E99A /* PartnerEntity+CoreDataProperties.swift in Sources */ = {isa = PBXBuildFile; fileRef = AB028A7D20E3A8AE00C5E99A /* PartnerEntity+CoreDataProperties.swift */; };
		AB028A8220E3A8AE00C5E99A /* PaymentEntity+CoreDataClass.swift in Sources */ = {isa = PBXBuildFile; fileRef = AB028A7E20E3A8AE00C5E99A /* PaymentEntity+CoreDataClass.swift */; };
		AB028A8320E3A8AE00C5E99A /* PaymentEntity+CoreDataProperties.swift in Sources */ = {isa = PBXBuildFile; fileRef = AB028A7F20E3A8AE00C5E99A /* PaymentEntity+CoreDataProperties.swift */; };
		AB92F7AA20E2A5ED000082DD /* TinkoffPayTests.swift in Sources */ = {isa = PBXBuildFile; fileRef = AB92F7A920E2A5ED000082DD /* TinkoffPayTests.swift */; };
		AB92F7B520E2A5ED000082DD /* TinkoffPayUITests.swift in Sources */ = {isa = PBXBuildFile; fileRef = AB92F7B420E2A5ED000082DD /* TinkoffPayUITests.swift */; };
		AB92F7C820E2A867000082DD /* TinkoffPay.xcdatamodel in Sources */ = {isa = PBXBuildFile; fileRef = 27904C98EB18120986C1B54A /* TinkoffPay.xcdatamodel */; };
		AB92F7DB20E2B14E000082DD /* NetworkClient.swift in Sources */ = {isa = PBXBuildFile; fileRef = AB92F7CA20E2B14D000082DD /* NetworkClient.swift */; };
		AB92F7DC20E2B14E000082DD /* PartnerResponse.swift in Sources */ = {isa = PBXBuildFile; fileRef = AB92F7CC20E2B14D000082DD /* PartnerResponse.swift */; };
		AB92F7DD20E2B14E000082DD /* BaseResponse.swift in Sources */ = {isa = PBXBuildFile; fileRef = AB92F7CD20E2B14D000082DD /* BaseResponse.swift */; };
		AB92F7DE20E2B14E000082DD /* PaymentAccessResponse.swift in Sources */ = {isa = PBXBuildFile; fileRef = AB92F7CE20E2B14D000082DD /* PaymentAccessResponse.swift */; };
		AB92F7DF20E2B14E000082DD /* WebLoader.swift in Sources */ = {isa = PBXBuildFile; fileRef = AB92F7CF20E2B14D000082DD /* WebLoader.swift */; };
		AB92F7E020E2B14E000082DD /* UrlBuilder.swift in Sources */ = {isa = PBXBuildFile; fileRef = AB92F7D020E2B14D000082DD /* UrlBuilder.swift */; };
		AB92F7E120E2B14E000082DD /* Models.swift in Sources */ = {isa = PBXBuildFile; fileRef = AB92F7D220E2B14D000082DD /* Models.swift */; };
		AB92F7E320E2B14E000082DD /* DbClient.swift in Sources */ = {isa = PBXBuildFile; fileRef = AB92F7D520E2B14E000082DD /* DbClient.swift */; };
		AB92F7E420E2B14E000082DD /* DbError.swift in Sources */ = {isa = PBXBuildFile; fileRef = AB92F7D620E2B14E000082DD /* DbError.swift */; };
		AB92F7E520E2B14E000082DD /* AlertBuilder.swift in Sources */ = {isa = PBXBuildFile; fileRef = AB92F7D820E2B14E000082DD /* AlertBuilder.swift */; };
		AB92F7E620E2B14E000082DD /* ModelSerializer.swift in Sources */ = {isa = PBXBuildFile; fileRef = AB92F7D920E2B14E000082DD /* ModelSerializer.swift */; };
		AB92F7E720E2B14E000082DD /* AlertHandler.swift in Sources */ = {isa = PBXBuildFile; fileRef = AB92F7DA20E2B14E000082DD /* AlertHandler.swift */; };
		AB92F7F720E2B166000082DD /* BasePresenter.swift in Sources */ = {isa = PBXBuildFile; fileRef = AB92F7EA20E2B166000082DD /* BasePresenter.swift */; };
		AB92F7F820E2B166000082DD /* PaymentPresenter.swift in Sources */ = {isa = PBXBuildFile; fileRef = AB92F7EB20E2B166000082DD /* PaymentPresenter.swift */; };
		AB92F7F920E2B166000082DD /* PaymentAccessInteractor.swift in Sources */ = {isa = PBXBuildFile; fileRef = AB92F7ED20E2B166000082DD /* PaymentAccessInteractor.swift */; };
		AB92F7FA20E2B166000082DD /* PaymentFacade.swift in Sources */ = {isa = PBXBuildFile; fileRef = AB92F7EE20E2B166000082DD /* PaymentFacade.swift */; };
		AB92F7FB20E2B166000082DD /* DatabaseInteractor.swift in Sources */ = {isa = PBXBuildFile; fileRef = AB92F7EF20E2B166000082DD /* DatabaseInteractor.swift */; };
		AB92F7FD20E2B166000082DD /* BaseView.swift in Sources */ = {isa = PBXBuildFile; fileRef = AB92F7F220E2B166000082DD /* BaseView.swift */; };
		AB92F7FE20E2B166000082DD /* PaymentView.swift in Sources */ = {isa = PBXBuildFile; fileRef = AB92F7F320E2B166000082DD /* PaymentView.swift */; };
		AB92F7FF20E2B166000082DD /* MainRouter.swift in Sources */ = {isa = PBXBuildFile; fileRef = AB92F7F520E2B166000082DD /* MainRouter.swift */; };
		AB92F80120E2B24F000082DD /* PaymentViewController.xib in Resources */ = {isa = PBXBuildFile; fileRef = AB92F80020E2B24F000082DD /* PaymentViewController.xib */; };
		ABF7DB4020E3AC3400BF673C /* Main.storyboard in Resources */ = {isa = PBXBuildFile; fileRef = ABF7DB3F20E3AC3400BF673C /* Main.storyboard */; };
/* End PBXBuildFile section */

/* Begin PBXContainerItemProxy section */
		AB92F7A620E2A5ED000082DD /* PBXContainerItemProxy */ = {
			isa = PBXContainerItemProxy;
			containerPortal = AB92F78620E2A5EC000082DD /* Project object */;
			proxyType = 1;
			remoteGlobalIDString = AB92F78D20E2A5EC000082DD;
			remoteInfo = TinkoffPay;
		};
		AB92F7B120E2A5ED000082DD /* PBXContainerItemProxy */ = {
			isa = PBXContainerItemProxy;
			containerPortal = AB92F78620E2A5EC000082DD /* Project object */;
			proxyType = 1;
			remoteGlobalIDString = AB92F78D20E2A5EC000082DD;
			remoteInfo = TinkoffPay;
		};
/* End PBXContainerItemProxy section */

/* Begin PBXFileReference section */
		279041257AAFD61FA7DDB100 /* PaymentAccessAnnotationView.swift */ = {isa = PBXFileReference; fileEncoding = 4; lastKnownFileType = sourcecode.swift; path = PaymentAccessAnnotationView.swift; sourceTree = "<group>"; };
		2790447DDA2B548C159292AC /* LocationInteractor.swift */ = {isa = PBXFileReference; fileEncoding = 4; lastKnownFileType = sourcecode.swift; path = LocationInteractor.swift; sourceTree = "<group>"; };
		279045F5BF1746B369E74C16 /* tinkoff-bank-general-logo-1.jpg */ = {isa = PBXFileReference; lastKnownFileType = image.jpeg; path = "tinkoff-bank-general-logo-1.jpg"; sourceTree = "<group>"; };
		2790464BB6CCA8BADE8AF277 /* ImageStorageError.swift */ = {isa = PBXFileReference; fileEncoding = 4; lastKnownFileType = sourcecode.swift; path = ImageStorageError.swift; sourceTree = "<group>"; };
		2790467A7FA51EEB5E947815 /* PaymentMapDelegate.swift */ = {isa = PBXFileReference; fileEncoding = 4; lastKnownFileType = sourcecode.swift; path = PaymentMapDelegate.swift; sourceTree = "<group>"; };
		279046C9CA904323048D0BA3 /* PartnerIconResponse.swift */ = {isa = PBXFileReference; fileEncoding = 4; lastKnownFileType = sourcecode.swift; path = PartnerIconResponse.swift; sourceTree = "<group>"; };
		279047DEC8ED33EA722BD021 /* AppDelegate.swift */ = {isa = PBXFileReference; fileEncoding = 4; lastKnownFileType = sourcecode.swift; path = AppDelegate.swift; sourceTree = "<group>"; };
		27904813668BBE0DD4A4B4A1 /* BaseController.swift */ = {isa = PBXFileReference; fileEncoding = 4; lastKnownFileType = sourcecode.swift; path = BaseController.swift; sourceTree = "<group>"; };
		279048153188F1B90363ACB9 /* Info.plist */ = {isa = PBXFileReference; fileEncoding = 4; lastKnownFileType = text.plist.info; path = Info.plist; sourceTree = "<group>"; };
		2790485A222E21F759D4499B /* InteractorManager.swift */ = {isa = PBXFileReference; fileEncoding = 4; lastKnownFileType = sourcecode.swift; path = InteractorManager.swift; sourceTree = "<group>"; };
		279049B0F6799A37870D0737 /* Extensions.swift */ = {isa = PBXFileReference; fileEncoding = 4; lastKnownFileType = sourcecode.swift; path = Extensions.swift; sourceTree = "<group>"; };
		279049CC44BD9E8EC704E0B5 /* ImageInteractor.swift */ = {isa = PBXFileReference; fileEncoding = 4; lastKnownFileType = sourcecode.swift; path = ImageInteractor.swift; sourceTree = "<group>"; };
		27904A40A7D86E43853380FE /* Assets.xcassets */ = {isa = PBXFileReference; lastKnownFileType = folder.assetcatalog; path = Assets.xcassets; sourceTree = "<group>"; };
		27904AF37DE316834D7BD38E /* AppConfiguration.swift */ = {isa = PBXFileReference; fileEncoding = 4; lastKnownFileType = sourcecode.swift; path = AppConfiguration.swift; sourceTree = "<group>"; };
		27904BD1CE52245B8A09F547 /* PaymentViewController.swift */ = {isa = PBXFileReference; fileEncoding = 4; lastKnownFileType = sourcecode.swift; path = PaymentViewController.swift; sourceTree = "<group>"; };
		27904C98EB18120986C1B54A /* TinkoffPay.xcdatamodel */ = {isa = PBXFileReference; lastKnownFileType = wrapper.xcdatamodel; path = TinkoffPay.xcdatamodel; sourceTree = "<group>"; };
		27904EE27AB71687E8B9CB76 /* PartnersInteractor.swift */ = {isa = PBXFileReference; fileEncoding = 4; lastKnownFileType = sourcecode.swift; path = PartnersInteractor.swift; sourceTree = "<group>"; };
		27904FE6CCF4EF8CE2108594 /* LaunchScreen.storyboard */ = {isa = PBXFileReference; lastKnownFileType = file.storyboard; path = LaunchScreen.storyboard; sourceTree = "<group>"; };
		AB028A7C20E3A8AE00C5E99A /* PartnerEntity+CoreDataClass.swift */ = {isa = PBXFileReference; lastKnownFileType = sourcecode.swift; path = "PartnerEntity+CoreDataClass.swift"; sourceTree = "<group>"; };
		AB028A7D20E3A8AE00C5E99A /* PartnerEntity+CoreDataProperties.swift */ = {isa = PBXFileReference; lastKnownFileType = sourcecode.swift; path = "PartnerEntity+CoreDataProperties.swift"; sourceTree = "<group>"; };
		AB028A7E20E3A8AE00C5E99A /* PaymentEntity+CoreDataClass.swift */ = {isa = PBXFileReference; lastKnownFileType = sourcecode.swift; path = "PaymentEntity+CoreDataClass.swift"; sourceTree = "<group>"; };
		AB028A7F20E3A8AE00C5E99A /* PaymentEntity+CoreDataProperties.swift */ = {isa = PBXFileReference; lastKnownFileType = sourcecode.swift; path = "PaymentEntity+CoreDataProperties.swift"; sourceTree = "<group>"; };
		AB92F78E20E2A5EC000082DD /* TinkoffPay.app */ = {isa = PBXFileReference; explicitFileType = wrapper.application; includeInIndex = 0; path = TinkoffPay.app; sourceTree = BUILT_PRODUCTS_DIR; };
		AB92F7A520E2A5ED000082DD /* TinkoffPayTests.xctest */ = {isa = PBXFileReference; explicitFileType = wrapper.cfbundle; includeInIndex = 0; path = TinkoffPayTests.xctest; sourceTree = BUILT_PRODUCTS_DIR; };
		AB92F7A920E2A5ED000082DD /* TinkoffPayTests.swift */ = {isa = PBXFileReference; lastKnownFileType = sourcecode.swift; path = TinkoffPayTests.swift; sourceTree = "<group>"; };
		AB92F7AB20E2A5ED000082DD /* Info.plist */ = {isa = PBXFileReference; lastKnownFileType = text.plist.xml; path = Info.plist; sourceTree = "<group>"; };
		AB92F7B020E2A5ED000082DD /* TinkoffPayUITests.xctest */ = {isa = PBXFileReference; explicitFileType = wrapper.cfbundle; includeInIndex = 0; path = TinkoffPayUITests.xctest; sourceTree = BUILT_PRODUCTS_DIR; };
		AB92F7B420E2A5ED000082DD /* TinkoffPayUITests.swift */ = {isa = PBXFileReference; lastKnownFileType = sourcecode.swift; path = TinkoffPayUITests.swift; sourceTree = "<group>"; };
		AB92F7B620E2A5ED000082DD /* Info.plist */ = {isa = PBXFileReference; lastKnownFileType = text.plist.xml; path = Info.plist; sourceTree = "<group>"; };
		AB92F7CA20E2B14D000082DD /* NetworkClient.swift */ = {isa = PBXFileReference; fileEncoding = 4; lastKnownFileType = sourcecode.swift; path = NetworkClient.swift; sourceTree = "<group>"; };
		AB92F7CC20E2B14D000082DD /* PartnerResponse.swift */ = {isa = PBXFileReference; fileEncoding = 4; lastKnownFileType = sourcecode.swift; path = PartnerResponse.swift; sourceTree = "<group>"; };
		AB92F7CD20E2B14D000082DD /* BaseResponse.swift */ = {isa = PBXFileReference; fileEncoding = 4; lastKnownFileType = sourcecode.swift; path = BaseResponse.swift; sourceTree = "<group>"; };
		AB92F7CE20E2B14D000082DD /* PaymentAccessResponse.swift */ = {isa = PBXFileReference; fileEncoding = 4; lastKnownFileType = sourcecode.swift; path = PaymentAccessResponse.swift; sourceTree = "<group>"; };
		AB92F7CF20E2B14D000082DD /* WebLoader.swift */ = {isa = PBXFileReference; fileEncoding = 4; lastKnownFileType = sourcecode.swift; path = WebLoader.swift; sourceTree = "<group>"; };
		AB92F7D020E2B14D000082DD /* UrlBuilder.swift */ = {isa = PBXFileReference; fileEncoding = 4; lastKnownFileType = sourcecode.swift; path = UrlBuilder.swift; sourceTree = "<group>"; };
		AB92F7D220E2B14D000082DD /* Models.swift */ = {isa = PBXFileReference; fileEncoding = 4; lastKnownFileType = sourcecode.swift; path = Models.swift; sourceTree = "<group>"; };
		AB92F7D520E2B14E000082DD /* DbClient.swift */ = {isa = PBXFileReference; fileEncoding = 4; lastKnownFileType = sourcecode.swift; path = DbClient.swift; sourceTree = "<group>"; };
		AB92F7D620E2B14E000082DD /* DbError.swift */ = {isa = PBXFileReference; fileEncoding = 4; lastKnownFileType = sourcecode.swift; path = DbError.swift; sourceTree = "<group>"; };
		AB92F7D820E2B14E000082DD /* AlertBuilder.swift */ = {isa = PBXFileReference; fileEncoding = 4; lastKnownFileType = sourcecode.swift; path = AlertBuilder.swift; sourceTree = "<group>"; };
		AB92F7D920E2B14E000082DD /* ModelSerializer.swift */ = {isa = PBXFileReference; fileEncoding = 4; lastKnownFileType = sourcecode.swift; path = ModelSerializer.swift; sourceTree = "<group>"; };
		AB92F7DA20E2B14E000082DD /* AlertHandler.swift */ = {isa = PBXFileReference; fileEncoding = 4; lastKnownFileType = sourcecode.swift; path = AlertHandler.swift; sourceTree = "<group>"; };
		AB92F7EA20E2B166000082DD /* BasePresenter.swift */ = {isa = PBXFileReference; fileEncoding = 4; lastKnownFileType = sourcecode.swift; path = BasePresenter.swift; sourceTree = "<group>"; };
		AB92F7EB20E2B166000082DD /* PaymentPresenter.swift */ = {isa = PBXFileReference; fileEncoding = 4; lastKnownFileType = sourcecode.swift; path = PaymentPresenter.swift; sourceTree = "<group>"; };
		AB92F7ED20E2B166000082DD /* PaymentAccessInteractor.swift */ = {isa = PBXFileReference; fileEncoding = 4; lastKnownFileType = sourcecode.swift; path = PaymentAccessInteractor.swift; sourceTree = "<group>"; };
		AB92F7EE20E2B166000082DD /* PaymentFacade.swift */ = {isa = PBXFileReference; fileEncoding = 4; lastKnownFileType = sourcecode.swift; path = PaymentFacade.swift; sourceTree = "<group>"; };
		AB92F7EF20E2B166000082DD /* DatabaseInteractor.swift */ = {isa = PBXFileReference; fileEncoding = 4; lastKnownFileType = sourcecode.swift; path = DatabaseInteractor.swift; sourceTree = "<group>"; };
		AB92F7F220E2B166000082DD /* BaseView.swift */ = {isa = PBXFileReference; fileEncoding = 4; lastKnownFileType = sourcecode.swift; path = BaseView.swift; sourceTree = "<group>"; };
		AB92F7F320E2B166000082DD /* PaymentView.swift */ = {isa = PBXFileReference; fileEncoding = 4; lastKnownFileType = sourcecode.swift; path = PaymentView.swift; sourceTree = "<group>"; };
		AB92F7F520E2B166000082DD /* MainRouter.swift */ = {isa = PBXFileReference; fileEncoding = 4; lastKnownFileType = sourcecode.swift; path = MainRouter.swift; sourceTree = "<group>"; };
		AB92F80020E2B24F000082DD /* PaymentViewController.xib */ = {isa = PBXFileReference; lastKnownFileType = file.xib; path = PaymentViewController.xib; sourceTree = "<group>"; };
		ABF7DB3F20E3AC3400BF673C /* Main.storyboard */ = {isa = PBXFileReference; fileEncoding = 4; lastKnownFileType = file.storyboard; path = Main.storyboard; sourceTree = "<group>"; };
/* End PBXFileReference section */

/* Begin PBXFrameworksBuildPhase section */
		AB92F78B20E2A5EC000082DD /* Frameworks */ = {
			isa = PBXFrameworksBuildPhase;
			buildActionMask = 2147483647;
			files = (
			);
			runOnlyForDeploymentPostprocessing = 0;
		};
		AB92F7A220E2A5ED000082DD /* Frameworks */ = {
			isa = PBXFrameworksBuildPhase;
			buildActionMask = 2147483647;
			files = (
			);
			runOnlyForDeploymentPostprocessing = 0;
		};
		AB92F7AD20E2A5ED000082DD /* Frameworks */ = {
			isa = PBXFrameworksBuildPhase;
			buildActionMask = 2147483647;
			files = (
			);
			runOnlyForDeploymentPostprocessing = 0;
		};
/* End PBXFrameworksBuildPhase section */

/* Begin PBXGroup section */
		279042AC5065F41D577DC4EB /* delegate */ = {
			isa = PBXGroup;
			children = (
				2790467A7FA51EEB5E947815 /* PaymentMapDelegate.swift */,
			);
			path = delegate;
			sourceTree = "<group>";
		};
		279049A86BB8311A371C1FF6 /* view */ = {
			isa = PBXGroup;
			children = (
				279041257AAFD61FA7DDB100 /* PaymentAccessAnnotationView.swift */,
			);
			path = view;
			sourceTree = "<group>";
		};
		AB92F78520E2A5EC000082DD = {
			isa = PBXGroup;
			children = (
				AB92F79020E2A5EC000082DD /* TinkoffPay */,
				AB92F7A820E2A5ED000082DD /* TinkoffPayTests */,
				AB92F7B320E2A5ED000082DD /* TinkoffPayUITests */,
				AB92F78F20E2A5EC000082DD /* Products */,
			);
			sourceTree = "<group>";
		};
		AB92F78F20E2A5EC000082DD /* Products */ = {
			isa = PBXGroup;
			children = (
				AB92F78E20E2A5EC000082DD /* TinkoffPay.app */,
				AB92F7A520E2A5ED000082DD /* TinkoffPayTests.xctest */,
				AB92F7B020E2A5ED000082DD /* TinkoffPayUITests.xctest */,
			);
			name = Products;
			sourceTree = "<group>";
		};
		AB92F79020E2A5EC000082DD /* TinkoffPay */ = {
			isa = PBXGroup;
			children = (
				AB92F7C220E2A617000082DD /* controller */,
				AB92F7C320E2A623000082DD /* core */,
				AB92F7C420E2A628000082DD /* data */,
				AB92F7C520E2A636000082DD /* mvp */,
				AB92F7C620E2A63C000082DD /* resources */,
				AB92F7C720E2A649000082DD /* ui */,
			);
			path = TinkoffPay;
			sourceTree = "<group>";
		};
		AB92F7A820E2A5ED000082DD /* TinkoffPayTests */ = {
			isa = PBXGroup;
			children = (
				AB92F7A920E2A5ED000082DD /* TinkoffPayTests.swift */,
				AB92F7AB20E2A5ED000082DD /* Info.plist */,
			);
			path = TinkoffPayTests;
			sourceTree = "<group>";
		};
		AB92F7B320E2A5ED000082DD /* TinkoffPayUITests */ = {
			isa = PBXGroup;
			children = (
				AB92F7B420E2A5ED000082DD /* TinkoffPayUITests.swift */,
				AB92F7B620E2A5ED000082DD /* Info.plist */,
			);
			path = TinkoffPayUITests;
			sourceTree = "<group>";
		};
		AB92F7C220E2A617000082DD /* controller */ = {
			isa = PBXGroup;
			children = (
				27904813668BBE0DD4A4B4A1 /* BaseController.swift */,
				27904BD1CE52245B8A09F547 /* PaymentViewController.swift */,
			);
			path = controller;
			sourceTree = "<group>";
		};
		AB92F7C320E2A623000082DD /* core */ = {
			isa = PBXGroup;
			children = (
				279047DEC8ED33EA722BD021 /* AppDelegate.swift */,
				2790485A222E21F759D4499B /* InteractorManager.swift */,
				27904AF37DE316834D7BD38E /* AppConfiguration.swift */,
			);
			path = core;
			sourceTree = "<group>";
		};
		AB92F7C420E2A628000082DD /* data */ = {
			isa = PBXGroup;
			children = (
				AB92F7D320E2B14E000082DD /* db */,
				AB92F7D120E2B14D000082DD /* models */,
				AB92F7C920E2B14D000082DD /* network */,
				AB92F7D720E2B14E000082DD /* service */,
			);
			path = data;
			sourceTree = "<group>";
		};
		AB92F7C520E2A636000082DD /* mvp */ = {
			isa = PBXGroup;
			children = (
				AB92F7EC20E2B166000082DD /* interactor */,
				AB92F7E820E2B166000082DD /* presenter */,
				AB92F7F420E2B166000082DD /* router */,
				AB92F7F020E2B166000082DD /* view */,
			);
			path = mvp;
			sourceTree = "<group>";
		};
		AB92F7C620E2A63C000082DD /* resources */ = {
			isa = PBXGroup;
			children = (
				279045F5BF1746B369E74C16 /* tinkoff-bank-general-logo-1.jpg */,
				27904C98EB18120986C1B54A /* TinkoffPay.xcdatamodel */,
				27904A40A7D86E43853380FE /* Assets.xcassets */,
				279048153188F1B90363ACB9 /* Info.plist */,
				279049B0F6799A37870D0737 /* Extensions.swift */,
			);
			path = resources;
			sourceTree = "<group>";
		};
		AB92F7C720E2A649000082DD /* ui */ = {
			isa = PBXGroup;
			children = (
				ABF7DB3F20E3AC3400BF673C /* Main.storyboard */,
				27904FE6CCF4EF8CE2108594 /* LaunchScreen.storyboard */,
				AB92F80020E2B24F000082DD /* PaymentViewController.xib */,
				279042AC5065F41D577DC4EB /* delegate */,
				279049A86BB8311A371C1FF6 /* view */,
			);
			path = ui;
			sourceTree = "<group>";
		};
		AB92F7C920E2B14D000082DD /* network */ = {
			isa = PBXGroup;
			children = (
				AB92F7CA20E2B14D000082DD /* NetworkClient.swift */,
				AB92F7CB20E2B14D000082DD /* response */,
				AB92F7CF20E2B14D000082DD /* WebLoader.swift */,
				AB92F7D020E2B14D000082DD /* UrlBuilder.swift */,
			);
			path = network;
			sourceTree = "<group>";
		};
		AB92F7CB20E2B14D000082DD /* response */ = {
			isa = PBXGroup;
			children = (
				AB92F7CC20E2B14D000082DD /* PartnerResponse.swift */,
				AB92F7CD20E2B14D000082DD /* BaseResponse.swift */,
				AB92F7CE20E2B14D000082DD /* PaymentAccessResponse.swift */,
				279046C9CA904323048D0BA3 /* PartnerIconResponse.swift */,
			);
			path = response;
			sourceTree = "<group>";
		};
		AB92F7D120E2B14D000082DD /* models */ = {
			isa = PBXGroup;
			children = (
				AB92F7D220E2B14D000082DD /* Models.swift */,
				2790464BB6CCA8BADE8AF277 /* ImageStorageError.swift */,
			);
			path = models;
			sourceTree = "<group>";
		};
		AB92F7D320E2B14E000082DD /* db */ = {
			isa = PBXGroup;
			children = (
				AB92F7D520E2B14E000082DD /* DbClient.swift */,
				AB92F7D620E2B14E000082DD /* DbError.swift */,
				AB028A7C20E3A8AE00C5E99A /* PartnerEntity+CoreDataClass.swift */,
				AB028A7D20E3A8AE00C5E99A /* PartnerEntity+CoreDataProperties.swift */,
				AB028A7E20E3A8AE00C5E99A /* PaymentEntity+CoreDataClass.swift */,
				AB028A7F20E3A8AE00C5E99A /* PaymentEntity+CoreDataProperties.swift */,
			);
			path = db;
			sourceTree = "<group>";
		};
		AB92F7D720E2B14E000082DD /* service */ = {
			isa = PBXGroup;
			children = (
				AB92F7D820E2B14E000082DD /* AlertBuilder.swift */,
				AB92F7D920E2B14E000082DD /* ModelSerializer.swift */,
				AB92F7DA20E2B14E000082DD /* AlertHandler.swift */,
			);
			path = service;
			sourceTree = "<group>";
		};
		AB92F7E820E2B166000082DD /* presenter */ = {
			isa = PBXGroup;
			children = (
				AB92F7EA20E2B166000082DD /* BasePresenter.swift */,
				AB92F7EB20E2B166000082DD /* PaymentPresenter.swift */,
			);
			path = presenter;
			sourceTree = "<group>";
		};
		AB92F7EC20E2B166000082DD /* interactor */ = {
			isa = PBXGroup;
			children = (
				AB92F7ED20E2B166000082DD /* PaymentAccessInteractor.swift */,
				AB92F7EE20E2B166000082DD /* PaymentFacade.swift */,
				AB92F7EF20E2B166000082DD /* DatabaseInteractor.swift */,
				27904EE27AB71687E8B9CB76 /* PartnersInteractor.swift */,
				279049CC44BD9E8EC704E0B5 /* ImageInteractor.swift */,
				2790447DDA2B548C159292AC /* LocationInteractor.swift */,
			);
			path = interactor;
			sourceTree = "<group>";
		};
		AB92F7F020E2B166000082DD /* view */ = {
			isa = PBXGroup;
			children = (
				AB92F7F220E2B166000082DD /* BaseView.swift */,
				AB92F7F320E2B166000082DD /* PaymentView.swift */,
			);
			path = view;
			sourceTree = "<group>";
		};
		AB92F7F420E2B166000082DD /* router */ = {
			isa = PBXGroup;
			children = (
				AB92F7F520E2B166000082DD /* MainRouter.swift */,
			);
			path = router;
			sourceTree = "<group>";
		};
/* End PBXGroup section */

/* Begin PBXNativeTarget section */
		AB92F78D20E2A5EC000082DD /* TinkoffPay */ = {
			isa = PBXNativeTarget;
			buildConfigurationList = AB92F7B920E2A5ED000082DD /* Build configuration list for PBXNativeTarget "TinkoffPay" */;
			buildPhases = (
				AB92F78A20E2A5EC000082DD /* Sources */,
				AB92F78B20E2A5EC000082DD /* Frameworks */,
				AB92F78C20E2A5EC000082DD /* Resources */,
			);
			buildRules = (
			);
			dependencies = (
			);
			name = TinkoffPay;
			productName = TinkoffPay;
			productReference = AB92F78E20E2A5EC000082DD /* TinkoffPay.app */;
			productType = "com.apple.product-type.application";
		};
		AB92F7A420E2A5ED000082DD /* TinkoffPayTests */ = {
			isa = PBXNativeTarget;
			buildConfigurationList = AB92F7BC20E2A5ED000082DD /* Build configuration list for PBXNativeTarget "TinkoffPayTests" */;
			buildPhases = (
				AB92F7A120E2A5ED000082DD /* Sources */,
				AB92F7A220E2A5ED000082DD /* Frameworks */,
				AB92F7A320E2A5ED000082DD /* Resources */,
			);
			buildRules = (
			);
			dependencies = (
				AB92F7A720E2A5ED000082DD /* PBXTargetDependency */,
			);
			name = TinkoffPayTests;
			productName = TinkoffPayTests;
			productReference = AB92F7A520E2A5ED000082DD /* TinkoffPayTests.xctest */;
			productType = "com.apple.product-type.bundle.unit-test";
		};
		AB92F7AF20E2A5ED000082DD /* TinkoffPayUITests */ = {
			isa = PBXNativeTarget;
			buildConfigurationList = AB92F7BF20E2A5ED000082DD /* Build configuration list for PBXNativeTarget "TinkoffPayUITests" */;
			buildPhases = (
				AB92F7AC20E2A5ED000082DD /* Sources */,
				AB92F7AD20E2A5ED000082DD /* Frameworks */,
				AB92F7AE20E2A5ED000082DD /* Resources */,
			);
			buildRules = (
			);
			dependencies = (
				AB92F7B220E2A5ED000082DD /* PBXTargetDependency */,
			);
			name = TinkoffPayUITests;
			productName = TinkoffPayUITests;
			productReference = AB92F7B020E2A5ED000082DD /* TinkoffPayUITests.xctest */;
			productType = "com.apple.product-type.bundle.ui-testing";
		};
/* End PBXNativeTarget section */

/* Begin PBXProject section */
		AB92F78620E2A5EC000082DD /* Project object */ = {
			isa = PBXProject;
			attributes = {
				LastSwiftUpdateCheck = 0940;
				LastUpgradeCheck = 0940;
				ORGANIZATIONNAME = kotvaska;
				TargetAttributes = {
					AB92F78D20E2A5EC000082DD = {
						CreatedOnToolsVersion = 9.4.1;
					};
					AB92F7A420E2A5ED000082DD = {
						CreatedOnToolsVersion = 9.4.1;
						TestTargetID = AB92F78D20E2A5EC000082DD;
					};
					AB92F7AF20E2A5ED000082DD = {
						CreatedOnToolsVersion = 9.4.1;
						TestTargetID = AB92F78D20E2A5EC000082DD;
					};
				};
			};
			buildConfigurationList = AB92F78920E2A5EC000082DD /* Build configuration list for PBXProject "TinkoffPay" */;
			compatibilityVersion = "Xcode 9.3";
			developmentRegion = en;
			hasScannedForEncodings = 0;
			knownRegions = (
				en,
				Base,
			);
			mainGroup = AB92F78520E2A5EC000082DD;
			productRefGroup = AB92F78F20E2A5EC000082DD /* Products */;
			projectDirPath = "";
			projectRoot = "";
			targets = (
				AB92F78D20E2A5EC000082DD /* TinkoffPay */,
				AB92F7A420E2A5ED000082DD /* TinkoffPayTests */,
				AB92F7AF20E2A5ED000082DD /* TinkoffPayUITests */,
			);
		};
/* End PBXProject section */

/* Begin PBXResourcesBuildPhase section */
		AB92F78C20E2A5EC000082DD /* Resources */ = {
			isa = PBXResourcesBuildPhase;
			buildActionMask = 2147483647;
			files = (
				279048A90D6E67068395BCC2 /* LaunchScreen.storyboard in Resources */,
				ABF7DB4020E3AC3400BF673C /* Main.storyboard in Resources */,
				27904791A66D551943B51D49 /* tinkoff-bank-general-logo-1.jpg in Resources */,
				AB92F80120E2B24F000082DD /* PaymentViewController.xib in Resources */,
				27904EA0C760E40CE62FE525 /* Assets.xcassets in Resources */,
			);
			runOnlyForDeploymentPostprocessing = 0;
		};
		AB92F7A320E2A5ED000082DD /* Resources */ = {
			isa = PBXResourcesBuildPhase;
			buildActionMask = 2147483647;
			files = (
			);
			runOnlyForDeploymentPostprocessing = 0;
		};
		AB92F7AE20E2A5ED000082DD /* Resources */ = {
			isa = PBXResourcesBuildPhase;
			buildActionMask = 2147483647;
			files = (
			);
			runOnlyForDeploymentPostprocessing = 0;
		};
/* End PBXResourcesBuildPhase section */

/* Begin PBXSourcesBuildPhase section */
		AB92F78A20E2A5EC000082DD /* Sources */ = {
			isa = PBXSourcesBuildPhase;
			buildActionMask = 2147483647;
			files = (
				AB92F7C820E2A867000082DD /* TinkoffPay.xcdatamodel in Sources */,
				AB028A8020E3A8AE00C5E99A /* PartnerEntity+CoreDataClass.swift in Sources */,
				AB92F7FF20E2B166000082DD /* MainRouter.swift in Sources */,
				AB92F7FD20E2B166000082DD /* BaseView.swift in Sources */,
				AB92F7F720E2B166000082DD /* BasePresenter.swift in Sources */,
				AB92F7FB20E2B166000082DD /* DatabaseInteractor.swift in Sources */,
				AB92F7DC20E2B14E000082DD /* PartnerResponse.swift in Sources */,
				AB92F7F920E2B166000082DD /* PaymentAccessInteractor.swift in Sources */,
				AB92F7E720E2B14E000082DD /* AlertHandler.swift in Sources */,
				AB92F7E620E2B14E000082DD /* ModelSerializer.swift in Sources */,
				AB92F7F820E2B166000082DD /* PaymentPresenter.swift in Sources */,
				AB92F7E420E2B14E000082DD /* DbError.swift in Sources */,
				AB92F7E120E2B14E000082DD /* Models.swift in Sources */,
				27904A366855184A7A723DF8 /* AppDelegate.swift in Sources */,
				AB028A8120E3A8AE00C5E99A /* PartnerEntity+CoreDataProperties.swift in Sources */,
				AB92F7E320E2B14E000082DD /* DbClient.swift in Sources */,
				AB92F7FE20E2B166000082DD /* PaymentView.swift in Sources */,
				AB028A8220E3A8AE00C5E99A /* PaymentEntity+CoreDataClass.swift in Sources */,
				AB028A8320E3A8AE00C5E99A /* PaymentEntity+CoreDataProperties.swift in Sources */,
				2790405DF6411A0FA2F63C72 /* InteractorManager.swift in Sources */,
				AB92F7E020E2B14E000082DD /* UrlBuilder.swift in Sources */,
				279044476D5194B5C5DCAE3E /* AppConfiguration.swift in Sources */,
				AB92F7DB20E2B14E000082DD /* NetworkClient.swift in Sources */,
				AB92F7FA20E2B166000082DD /* PaymentFacade.swift in Sources */,
				AB92F7E520E2B14E000082DD /* AlertBuilder.swift in Sources */,
				AB92F7DF20E2B14E000082DD /* WebLoader.swift in Sources */,
				AB92F7DE20E2B14E000082DD /* PaymentAccessResponse.swift in Sources */,
				AB92F7DD20E2B14E000082DD /* BaseResponse.swift in Sources */,
				2790452BEF7D5A30F1FCBDCC /* BaseController.swift in Sources */,
				27904047E554FCEF09877F8E /* PaymentViewController.swift in Sources */,
				27904C0F80CC3EDB053D4705 /* PartnersInteractor.swift in Sources */,
				279046A18A9356E21716B603 /* ImageInteractor.swift in Sources */,
				279048A3846BE5A9A8525BE6 /* LocationInteractor.swift in Sources */,
				27904BD496B9E4BCEC51D324 /* PartnerIconResponse.swift in Sources */,
				279045EA48DA55E74EA08272 /* ImageStorageError.swift in Sources */,
				27904607E46D0D7D0B97F29E /* PaymentMapDelegate.swift in Sources */,
				279045673B7970DC720D9871 /* PaymentAccessAnnotationView.swift in Sources */,
				27904177D3C40ECDD7085B66 /* Extensions.swift in Sources */,
			);
			runOnlyForDeploymentPostprocessing = 0;
		};
		AB92F7A120E2A5ED000082DD /* Sources */ = {
			isa = PBXSourcesBuildPhase;
			buildActionMask = 2147483647;
			files = (
				AB92F7AA20E2A5ED000082DD /* TinkoffPayTests.swift in Sources */,
			);
			runOnlyForDeploymentPostprocessing = 0;
		};
		AB92F7AC20E2A5ED000082DD /* Sources */ = {
			isa = PBXSourcesBuildPhase;
			buildActionMask = 2147483647;
			files = (
				AB92F7B520E2A5ED000082DD /* TinkoffPayUITests.swift in Sources */,
			);
			runOnlyForDeploymentPostprocessing = 0;
		};
/* End PBXSourcesBuildPhase section */

/* Begin PBXTargetDependency section */
		AB92F7A720E2A5ED000082DD /* PBXTargetDependency */ = {
			isa = PBXTargetDependency;
			target = AB92F78D20E2A5EC000082DD /* TinkoffPay */;
			targetProxy = AB92F7A620E2A5ED000082DD /* PBXContainerItemProxy */;
		};
		AB92F7B220E2A5ED000082DD /* PBXTargetDependency */ = {
			isa = PBXTargetDependency;
			target = AB92F78D20E2A5EC000082DD /* TinkoffPay */;
			targetProxy = AB92F7B120E2A5ED000082DD /* PBXContainerItemProxy */;
		};
/* End PBXTargetDependency section */

/* Begin XCBuildConfiguration section */
		AB92F7B720E2A5ED000082DD /* Debug */ = {
			isa = XCBuildConfiguration;
			buildSettings = {
				ALWAYS_SEARCH_USER_PATHS = NO;
				CLANG_ANALYZER_NONNULL = YES;
				CLANG_ANALYZER_NUMBER_OBJECT_CONVERSION = YES_AGGRESSIVE;
				CLANG_CXX_LANGUAGE_STANDARD = "gnu++14";
				CLANG_CXX_LIBRARY = "libc++";
				CLANG_ENABLE_MODULES = YES;
				CLANG_ENABLE_OBJC_ARC = YES;
				CLANG_ENABLE_OBJC_WEAK = YES;
				CLANG_WARN_BLOCK_CAPTURE_AUTORELEASING = YES;
				CLANG_WARN_BOOL_CONVERSION = YES;
				CLANG_WARN_COMMA = YES;
				CLANG_WARN_CONSTANT_CONVERSION = YES;
				CLANG_WARN_DEPRECATED_OBJC_IMPLEMENTATIONS = YES;
				CLANG_WARN_DIRECT_OBJC_ISA_USAGE = YES_ERROR;
				CLANG_WARN_DOCUMENTATION_COMMENTS = YES;
				CLANG_WARN_EMPTY_BODY = YES;
				CLANG_WARN_ENUM_CONVERSION = YES;
				CLANG_WARN_INFINITE_RECURSION = YES;
				CLANG_WARN_INT_CONVERSION = YES;
				CLANG_WARN_NON_LITERAL_NULL_CONVERSION = YES;
				CLANG_WARN_OBJC_IMPLICIT_RETAIN_SELF = YES;
				CLANG_WARN_OBJC_LITERAL_CONVERSION = YES;
				CLANG_WARN_OBJC_ROOT_CLASS = YES_ERROR;
				CLANG_WARN_RANGE_LOOP_ANALYSIS = YES;
				CLANG_WARN_STRICT_PROTOTYPES = YES;
				CLANG_WARN_SUSPICIOUS_MOVE = YES;
				CLANG_WARN_UNGUARDED_AVAILABILITY = YES_AGGRESSIVE;
				CLANG_WARN_UNREACHABLE_CODE = YES;
				CLANG_WARN__DUPLICATE_METHOD_MATCH = YES;
				CODE_SIGN_IDENTITY = "iPhone Developer";
				COPY_PHASE_STRIP = NO;
				DEBUG_INFORMATION_FORMAT = dwarf;
				ENABLE_STRICT_OBJC_MSGSEND = YES;
				ENABLE_TESTABILITY = YES;
				GCC_C_LANGUAGE_STANDARD = gnu11;
				GCC_DYNAMIC_NO_PIC = NO;
				GCC_NO_COMMON_BLOCKS = YES;
				GCC_OPTIMIZATION_LEVEL = 0;
				GCC_PREPROCESSOR_DEFINITIONS = (
					"DEBUG=1",
					"$(inherited)",
				);
				GCC_WARN_64_TO_32_BIT_CONVERSION = YES;
				GCC_WARN_ABOUT_RETURN_TYPE = YES_ERROR;
				GCC_WARN_UNDECLARED_SELECTOR = YES;
				GCC_WARN_UNINITIALIZED_AUTOS = YES_AGGRESSIVE;
				GCC_WARN_UNUSED_FUNCTION = YES;
				GCC_WARN_UNUSED_VARIABLE = YES;
				IPHONEOS_DEPLOYMENT_TARGET = 11.4;
				MTL_ENABLE_DEBUG_INFO = YES;
				ONLY_ACTIVE_ARCH = YES;
				SDKROOT = iphoneos;
				SWIFT_ACTIVE_COMPILATION_CONDITIONS = DEBUG;
				SWIFT_OPTIMIZATION_LEVEL = "-Onone";
			};
			name = Debug;
		};
		AB92F7B820E2A5ED000082DD /* Release */ = {
			isa = XCBuildConfiguration;
			buildSettings = {
				ALWAYS_SEARCH_USER_PATHS = NO;
				CLANG_ANALYZER_NONNULL = YES;
				CLANG_ANALYZER_NUMBER_OBJECT_CONVERSION = YES_AGGRESSIVE;
				CLANG_CXX_LANGUAGE_STANDARD = "gnu++14";
				CLANG_CXX_LIBRARY = "libc++";
				CLANG_ENABLE_MODULES = YES;
				CLANG_ENABLE_OBJC_ARC = YES;
				CLANG_ENABLE_OBJC_WEAK = YES;
				CLANG_WARN_BLOCK_CAPTURE_AUTORELEASING = YES;
				CLANG_WARN_BOOL_CONVERSION = YES;
				CLANG_WARN_COMMA = YES;
				CLANG_WARN_CONSTANT_CONVERSION = YES;
				CLANG_WARN_DEPRECATED_OBJC_IMPLEMENTATIONS = YES;
				CLANG_WARN_DIRECT_OBJC_ISA_USAGE = YES_ERROR;
				CLANG_WARN_DOCUMENTATION_COMMENTS = YES;
				CLANG_WARN_EMPTY_BODY = YES;
				CLANG_WARN_ENUM_CONVERSION = YES;
				CLANG_WARN_INFINITE_RECURSION = YES;
				CLANG_WARN_INT_CONVERSION = YES;
				CLANG_WARN_NON_LITERAL_NULL_CONVERSION = YES;
				CLANG_WARN_OBJC_IMPLICIT_RETAIN_SELF = YES;
				CLANG_WARN_OBJC_LITERAL_CONVERSION = YES;
				CLANG_WARN_OBJC_ROOT_CLASS = YES_ERROR;
				CLANG_WARN_RANGE_LOOP_ANALYSIS = YES;
				CLANG_WARN_STRICT_PROTOTYPES = YES;
				CLANG_WARN_SUSPICIOUS_MOVE = YES;
				CLANG_WARN_UNGUARDED_AVAILABILITY = YES_AGGRESSIVE;
				CLANG_WARN_UNREACHABLE_CODE = YES;
				CLANG_WARN__DUPLICATE_METHOD_MATCH = YES;
				CODE_SIGN_IDENTITY = "iPhone Developer";
				COPY_PHASE_STRIP = NO;
				DEBUG_INFORMATION_FORMAT = "dwarf-with-dsym";
				ENABLE_NS_ASSERTIONS = NO;
				ENABLE_STRICT_OBJC_MSGSEND = YES;
				GCC_C_LANGUAGE_STANDARD = gnu11;
				GCC_NO_COMMON_BLOCKS = YES;
				GCC_WARN_64_TO_32_BIT_CONVERSION = YES;
				GCC_WARN_ABOUT_RETURN_TYPE = YES_ERROR;
				GCC_WARN_UNDECLARED_SELECTOR = YES;
				GCC_WARN_UNINITIALIZED_AUTOS = YES_AGGRESSIVE;
				GCC_WARN_UNUSED_FUNCTION = YES;
				GCC_WARN_UNUSED_VARIABLE = YES;
				IPHONEOS_DEPLOYMENT_TARGET = 11.4;
				MTL_ENABLE_DEBUG_INFO = NO;
				SDKROOT = iphoneos;
				SWIFT_COMPILATION_MODE = wholemodule;
				SWIFT_OPTIMIZATION_LEVEL = "-O";
				VALIDATE_PRODUCT = YES;
			};
			name = Release;
		};
		AB92F7BA20E2A5ED000082DD /* Debug */ = {
			isa = XCBuildConfiguration;
			buildSettings = {
				ASSETCATALOG_COMPILER_APPICON_NAME = AppIcon;
				CODE_SIGN_STYLE = Automatic;
				DEVELOPMENT_TEAM = 9DYMKXHBMZ;
				INFOPLIST_FILE = "$(SRCROOT)/TinkoffPay/resources/Info.plist";
				LD_RUNPATH_SEARCH_PATHS = (
					"$(inherited)",
					"@executable_path/Frameworks",
				);
				PRODUCT_BUNDLE_IDENTIFIER = com.kotvaska.TinkoffPay;
				PRODUCT_NAME = "$(TARGET_NAME)";
				SWIFT_VERSION = 4.0;
				TARGETED_DEVICE_FAMILY = 1;
			};
			name = Debug;
		};
		AB92F7BB20E2A5ED000082DD /* Release */ = {
			isa = XCBuildConfiguration;
			buildSettings = {
				ASSETCATALOG_COMPILER_APPICON_NAME = AppIcon;
				CODE_SIGN_STYLE = Automatic;
				DEVELOPMENT_TEAM = 9DYMKXHBMZ;
				INFOPLIST_FILE = "$(SRCROOT)/TinkoffPay/resources/Info.plist";
				LD_RUNPATH_SEARCH_PATHS = (
					"$(inherited)",
					"@executable_path/Frameworks",
				);
				PRODUCT_BUNDLE_IDENTIFIER = com.kotvaska.TinkoffPay;
				PRODUCT_NAME = "$(TARGET_NAME)";
				SWIFT_VERSION = 4.0;
				TARGETED_DEVICE_FAMILY = 1;
			};
			name = Release;
		};
		AB92F7BD20E2A5ED000082DD /* Debug */ = {
			isa = XCBuildConfiguration;
			buildSettings = {
				ALWAYS_EMBED_SWIFT_STANDARD_LIBRARIES = YES;
				BUNDLE_LOADER = "$(TEST_HOST)";
				CODE_SIGN_STYLE = Automatic;
				DEVELOPMENT_TEAM = 9DYMKXHBMZ;
				INFOPLIST_FILE = TinkoffPayTests/Info.plist;
				LD_RUNPATH_SEARCH_PATHS = (
					"$(inherited)",
					"@executable_path/Frameworks",
					"@loader_path/Frameworks",
				);
				PRODUCT_BUNDLE_IDENTIFIER = com.kotvaska.TinkoffPayTests;
				PRODUCT_NAME = "$(TARGET_NAME)";
				SWIFT_VERSION = 4.0;
				TARGETED_DEVICE_FAMILY = "1,2";
				TEST_HOST = "$(BUILT_PRODUCTS_DIR)/TinkoffPay.app/TinkoffPay";
			};
			name = Debug;
		};
		AB92F7BE20E2A5ED000082DD /* Release */ = {
			isa = XCBuildConfiguration;
			buildSettings = {
				ALWAYS_EMBED_SWIFT_STANDARD_LIBRARIES = YES;
				BUNDLE_LOADER = "$(TEST_HOST)";
				CODE_SIGN_STYLE = Automatic;
				DEVELOPMENT_TEAM = 9DYMKXHBMZ;
				INFOPLIST_FILE = TinkoffPayTests/Info.plist;
				LD_RUNPATH_SEARCH_PATHS = (
					"$(inherited)",
					"@executable_path/Frameworks",
					"@loader_path/Frameworks",
				);
				PRODUCT_BUNDLE_IDENTIFIER = com.kotvaska.TinkoffPayTests;
				PRODUCT_NAME = "$(TARGET_NAME)";
				SWIFT_VERSION = 4.0;
				TARGETED_DEVICE_FAMILY = "1,2";
				TEST_HOST = "$(BUILT_PRODUCTS_DIR)/TinkoffPay.app/TinkoffPay";
			};
			name = Release;
		};
		AB92F7C020E2A5ED000082DD /* Debug */ = {
			isa = XCBuildConfiguration;
			buildSettings = {
				ALWAYS_EMBED_SWIFT_STANDARD_LIBRARIES = YES;
				CODE_SIGN_STYLE = Automatic;
				DEVELOPMENT_TEAM = 9DYMKXHBMZ;
				INFOPLIST_FILE = TinkoffPayUITests/Info.plist;
				LD_RUNPATH_SEARCH_PATHS = (
					"$(inherited)",
					"@executable_path/Frameworks",
					"@loader_path/Frameworks",
				);
				PRODUCT_BUNDLE_IDENTIFIER = com.kotvaska.TinkoffPayUITests;
				PRODUCT_NAME = "$(TARGET_NAME)";
				SWIFT_VERSION = 4.0;
				TARGETED_DEVICE_FAMILY = "1,2";
				TEST_TARGET_NAME = TinkoffPay;
			};
			name = Debug;
		};
		AB92F7C120E2A5ED000082DD /* Release */ = {
			isa = XCBuildConfiguration;
			buildSettings = {
				ALWAYS_EMBED_SWIFT_STANDARD_LIBRARIES = YES;
				CODE_SIGN_STYLE = Automatic;
				DEVELOPMENT_TEAM = 9DYMKXHBMZ;
				INFOPLIST_FILE = TinkoffPayUITests/Info.plist;
				LD_RUNPATH_SEARCH_PATHS = (
					"$(inherited)",
					"@executable_path/Frameworks",
					"@loader_path/Frameworks",
				);
				PRODUCT_BUNDLE_IDENTIFIER = com.kotvaska.TinkoffPayUITests;
				PRODUCT_NAME = "$(TARGET_NAME)";
				SWIFT_VERSION = 4.0;
				TARGETED_DEVICE_FAMILY = "1,2";
				TEST_TARGET_NAME = TinkoffPay;
			};
			name = Release;
		};
/* End XCBuildConfiguration section */

/* Begin XCConfigurationList section */
		AB92F78920E2A5EC000082DD /* Build configuration list for PBXProject "TinkoffPay" */ = {
			isa = XCConfigurationList;
			buildConfigurations = (
				AB92F7B720E2A5ED000082DD /* Debug */,
				AB92F7B820E2A5ED000082DD /* Release */,
			);
			defaultConfigurationIsVisible = 0;
			defaultConfigurationName = Release;
		};
		AB92F7B920E2A5ED000082DD /* Build configuration list for PBXNativeTarget "TinkoffPay" */ = {
			isa = XCConfigurationList;
			buildConfigurations = (
				AB92F7BA20E2A5ED000082DD /* Debug */,
				AB92F7BB20E2A5ED000082DD /* Release */,
			);
			defaultConfigurationIsVisible = 0;
			defaultConfigurationName = Release;
		};
		AB92F7BC20E2A5ED000082DD /* Build configuration list for PBXNativeTarget "TinkoffPayTests" */ = {
			isa = XCConfigurationList;
			buildConfigurations = (
				AB92F7BD20E2A5ED000082DD /* Debug */,
				AB92F7BE20E2A5ED000082DD /* Release */,
			);
			defaultConfigurationIsVisible = 0;
			defaultConfigurationName = Release;
		};
		AB92F7BF20E2A5ED000082DD /* Build configuration list for PBXNativeTarget "TinkoffPayUITests" */ = {
			isa = XCConfigurationList;
			buildConfigurations = (
				AB92F7C020E2A5ED000082DD /* Debug */,
				AB92F7C120E2A5ED000082DD /* Release */,
			);
			defaultConfigurationIsVisible = 0;
			defaultConfigurationName = Release;
		};
/* End XCConfigurationList section */
	};
	rootObject = AB92F78620E2A5EC000082DD /* Project object */;
}
